
Microsoft Visual Studio Solution File, Format Version 12.00
# Visual Studio Version 17
VisualStudioVersion = 17.2.32630.192
MinimumVisualStudioVersion = 10.0.40219.1
Project("{9A19103F-16F7-4668-BE54-9A1E7A4F7556}") = "Mango.GatewaySolution", "Mango.GatewaySolution\Mango.GatewaySolution.csproj", "{F9CE4484-A954-42BC-9A8F-1C6AB69E58D1}"
EndProject
Global
	GlobalSection(SolutionConfigurationPlatforms) = preSolution
		Debug|Any CPU = Debug|Any CPU
		Release|Any CPU = Release|Any CPU
	EndGlobalSection
	GlobalSection(ProjectConfigurationPlatforms) = postSolution
		{F9CE4484-A954-42BC-9A8F-1C6AB69E58D1}.Debug|Any CPU.ActiveCfg = Debug|Any CPU
		{F9CE4484-A954-42BC-9A8F-1C6AB69E58D1}.Debug|Any CPU.Build.0 = Debug|Any CPU
		{F9CE4484-A954-42BC-9A8F-1C6AB69E58D1}.Release|Any CPU.ActiveCfg = Release|Any CPU
		{F9CE4484-A954-42BC-9A8F-1C6AB69E58D1}.Release|Any CPU.Build.0 = Release|Any CPU
	EndGlobalSection
	GlobalSection(SolutionProperties) = preSolution
		HideSolutionNode = FALSE
	EndGlobalSection
	GlobalSection(ExtensibilityGlobals) = postSolution
		SolutionGuid = {C0696422-82A0-4230-AB3A-57E819418B92}
	EndGlobalSection
EndGlobal
